
Microsoft Visual Studio Solution File, Format Version 12.00
# Visual Studio Version 17
Project("{8BC9CEB8-8B4A-11D0-8D11-00A0C91BC942}") = "tinyusdz", "tinyusdz.vcxproj", "{C1A97B02-955B-32A9-95E6-37D13854F856}"
	ProjectSection(ProjectDependencies) = postProject
		{84E651F1-7A3C-3B0A-900D-A16C95773756} = {84E651F1-7A3C-3B0A-900D-A16C95773756}
		{99781ECB-72CB-3F39-8887-2F6EAE8326B6} = {99781ECB-72CB-3F39-8887-2F6EAE8326B6}
	EndProjectSection
EndProject
Project("{8BC9CEB8-8B4A-11D0-8D11-00A0C91BC942}") = "ALL_BUILD", "ALL_BUILD.vcxproj", "{6482E06A-3DF4-3A71-B3C4-A9432D1CE137}"
	ProjectSection(ProjectDependencies) = postProject
		{84E651F1-7A3C-3B0A-900D-A16C95773756} = {84E651F1-7A3C-3B0A-900D-A16C95773756}
		{99781ECB-72CB-3F39-8887-2F6EAE8326B6} = {99781ECB-72CB-3F39-8887-2F6EAE8326B6}
		{591B26AA-2C51-3C09-9D5B-F73E230C52CC} = {591B26AA-2C51-3C09-9D5B-F73E230C52CC}
		{03726313-2031-3163-8EB2-A9708C508209} = {03726313-2031-3163-8EB2-A9708C508209}
		{E017D2FB-2B0A-373A-A55F-F0F2242870F7} = {E017D2FB-2B0A-373A-A55F-F0F2242870F7}
		{C1A97B02-955B-32A9-95E6-37D13854F856} = {C1A97B02-955B-32A9-95E6-37D13854F856}
	EndProjectSection
EndProject
Project("{8BC9CEB8-8B4A-11D0-8D11-00A0C91BC942}") = "ZERO_CHECK", "ZERO_CHECK.vcxproj", "{84E651F1-7A3C-3B0A-900D-A16C95773756}"
	ProjectSection(ProjectDependencies) = postProject
	EndProjectSection
EndProject
Project("{8BC9CEB8-8B4A-11D0-8D11-00A0C91BC942}") = "osd_cpu", "osd_cpu.vcxproj", "{99781ECB-72CB-3F39-8887-2F6EAE8326B6}"
	ProjectSection(ProjectDependencies) = postProject
		{84E651F1-7A3C-3B0A-900D-A16C95773756} = {84E651F1-7A3C-3B0A-900D-A16C95773756}
	EndProjectSection
EndProject
Project("{8BC9CEB8-8B4A-11D0-8D11-00A0C91BC942}") = "save_usda", "examples\save_usda\save_usda.vcxproj", "{591B26AA-2C51-3C09-9D5B-F73E230C52CC}"
	ProjectSection(ProjectDependencies) = postProject
		{84E651F1-7A3C-3B0A-900D-A16C95773756} = {84E651F1-7A3C-3B0A-900D-A16C95773756}
		{99781ECB-72CB-3F39-8887-2F6EAE8326B6} = {99781ECB-72CB-3F39-8887-2F6EAE8326B6}
		{C1A97B02-955B-32A9-95E6-37D13854F856} = {C1A97B02-955B-32A9-95E6-37D13854F856}
	EndProjectSection
EndProject
Project("{8BC9CEB8-8B4A-11D0-8D11-00A0C91BC942}") = "simple_dump", "examples\simple_dump\simple_dump.vcxproj", "{03726313-2031-3163-8EB2-A9708C508209}"
	ProjectSection(ProjectDependencies) = postProject
		{84E651F1-7A3C-3B0A-900D-A16C95773756} = {84E651F1-7A3C-3B0A-900D-A16C95773756}
		{99781ECB-72CB-3F39-8887-2F6EAE8326B6} = {99781ECB-72CB-3F39-8887-2F6EAE8326B6}
		{C1A97B02-955B-32A9-95E6-37D13854F856} = {C1A97B02-955B-32A9-95E6-37D13854F856}
	EndProjectSection
EndProject
Project("{8BC9CEB8-8B4A-11D0-8D11-00A0C91BC942}") = "test_tinyusdz", "test_tinyusdz.vcxproj", "{E017D2FB-2B0A-373A-A55F-F0F2242870F7}"
	ProjectSection(ProjectDependencies) = postProject
		{84E651F1-7A3C-3B0A-900D-A16C95773756} = {84E651F1-7A3C-3B0A-900D-A16C95773756}
		{99781ECB-72CB-3F39-8887-2F6EAE8326B6} = {99781ECB-72CB-3F39-8887-2F6EAE8326B6}
		{C1A97B02-955B-32A9-95E6-37D13854F856} = {C1A97B02-955B-32A9-95E6-37D13854F856}
	EndProjectSection
EndProject
Global
	GlobalSection(SolutionConfigurationPlatforms) = preSolution
		Debug|x64 = Debug|x64
		Release|x64 = Release|x64
		MinSizeRel|x64 = MinSizeRel|x64
		RelWithDebInfo|x64 = RelWithDebInfo|x64
	EndGlobalSection
	GlobalSection(ProjectConfigurationPlatforms) = postSolution
		{C1A97B02-955B-32A9-95E6-37D13854F856}.Debug|x64.ActiveCfg = Debug|x64
		{C1A97B02-955B-32A9-95E6-37D13854F856}.Debug|x64.Build.0 = Debug|x64
		{C1A97B02-955B-32A9-95E6-37D13854F856}.Release|x64.ActiveCfg = Release|x64
		{C1A97B02-955B-32A9-95E6-37D13854F856}.Release|x64.Build.0 = Release|x64
		{C1A97B02-955B-32A9-95E6-37D13854F856}.MinSizeRel|x64.ActiveCfg = MinSizeRel|x64
		{C1A97B02-955B-32A9-95E6-37D13854F856}.MinSizeRel|x64.Build.0 = MinSizeRel|x64
		{C1A97B02-955B-32A9-95E6-37D13854F856}.RelWithDebInfo|x64.ActiveCfg = RelWithDebInfo|x64
		{C1A97B02-955B-32A9-95E6-37D13854F856}.RelWithDebInfo|x64.Build.0 = RelWithDebInfo|x64
		{6482E06A-3DF4-3A71-B3C4-A9432D1CE137}.Debug|x64.ActiveCfg = Debug|x64
		{6482E06A-3DF4-3A71-B3C4-A9432D1CE137}.Release|x64.ActiveCfg = Release|x64
		{6482E06A-3DF4-3A71-B3C4-A9432D1CE137}.MinSizeRel|x64.ActiveCfg = MinSizeRel|x64
		{6482E06A-3DF4-3A71-B3C4-A9432D1CE137}.RelWithDebInfo|x64.ActiveCfg = RelWithDebInfo|x64
		{84E651F1-7A3C-3B0A-900D-A16C95773756}.Debug|x64.ActiveCfg = Debug|x64
		{84E651F1-7A3C-3B0A-900D-A16C95773756}.Debug|x64.Build.0 = Debug|x64
		{84E651F1-7A3C-3B0A-900D-A16C95773756}.Release|x64.ActiveCfg = Release|x64
		{84E651F1-7A3C-3B0A-900D-A16C95773756}.Release|x64.Build.0 = Release|x64
		{84E651F1-7A3C-3B0A-900D-A16C95773756}.MinSizeRel|x64.ActiveCfg = MinSizeRel|x64
		{84E651F1-7A3C-3B0A-900D-A16C95773756}.MinSizeRel|x64.Build.0 = MinSizeRel|x64
		{84E651F1-7A3C-3B0A-900D-A16C95773756}.RelWithDebInfo|x64.ActiveCfg = RelWithDebInfo|x64
		{84E651F1-7A3C-3B0A-900D-A16C95773756}.RelWithDebInfo|x64.Build.0 = RelWithDebInfo|x64
		{99781ECB-72CB-3F39-8887-2F6EAE8326B6}.Debug|x64.ActiveCfg = Debug|x64
		{99781ECB-72CB-3F39-8887-2F6EAE8326B6}.Debug|x64.Build.0 = Debug|x64
		{99781ECB-72CB-3F39-8887-2F6EAE8326B6}.Release|x64.ActiveCfg = Release|x64
		{99781ECB-72CB-3F39-8887-2F6EAE8326B6}.Release|x64.Build.0 = Release|x64
		{99781ECB-72CB-3F39-8887-2F6EAE8326B6}.MinSizeRel|x64.ActiveCfg = MinSizeRel|x64
		{99781ECB-72CB-3F39-8887-2F6EAE8326B6}.MinSizeRel|x64.Build.0 = MinSizeRel|x64
		{99781ECB-72CB-3F39-8887-2F6EAE8326B6}.RelWithDebInfo|x64.ActiveCfg = RelWithDebInfo|x64
		{99781ECB-72CB-3F39-8887-2F6EAE8326B6}.RelWithDebInfo|x64.Build.0 = RelWithDebInfo|x64
		{591B26AA-2C51-3C09-9D5B-F73E230C52CC}.Debug|x64.ActiveCfg = Debug|x64
		{591B26AA-2C51-3C09-9D5B-F73E230C52CC}.Debug|x64.Build.0 = Debug|x64
		{591B26AA-2C51-3C09-9D5B-F73E230C52CC}.Release|x64.ActiveCfg = Release|x64
		{591B26AA-2C51-3C09-9D5B-F73E230C52CC}.Release|x64.Build.0 = Release|x64
		{591B26AA-2C51-3C09-9D5B-F73E230C52CC}.MinSizeRel|x64.ActiveCfg = MinSizeRel|x64
		{591B26AA-2C51-3C09-9D5B-F73E230C52CC}.MinSizeRel|x64.Build.0 = MinSizeRel|x64
		{591B26AA-2C51-3C09-9D5B-F73E230C52CC}.RelWithDebInfo|x64.ActiveCfg = RelWithDebInfo|x64
		{591B26AA-2C51-3C09-9D5B-F73E230C52CC}.RelWithDebInfo|x64.Build.0 = RelWithDebInfo|x64
		{03726313-2031-3163-8EB2-A9708C508209}.Debug|x64.ActiveCfg = Debug|x64
		{03726313-2031-3163-8EB2-A9708C508209}.Debug|x64.Build.0 = Debug|x64
		{03726313-2031-3163-8EB2-A9708C508209}.Release|x64.ActiveCfg = Release|x64
		{03726313-2031-3163-8EB2-A9708C508209}.Release|x64.Build.0 = Release|x64
		{03726313-2031-3163-8EB2-A9708C508209}.MinSizeRel|x64.ActiveCfg = MinSizeRel|x64
		{03726313-2031-3163-8EB2-A9708C508209}.MinSizeRel|x64.Build.0 = MinSizeRel|x64
		{03726313-2031-3163-8EB2-A9708C508209}.RelWithDebInfo|x64.ActiveCfg = RelWithDebInfo|x64
		{03726313-2031-3163-8EB2-A9708C508209}.RelWithDebInfo|x64.Build.0 = RelWithDebInfo|x64
		{E017D2FB-2B0A-373A-A55F-F0F2242870F7}.Debug|x64.ActiveCfg = Debug|x64
		{E017D2FB-2B0A-373A-A55F-F0F2242870F7}.Debug|x64.Build.0 = Debug|x64
		{E017D2FB-2B0A-373A-A55F-F0F2242870F7}.Release|x64.ActiveCfg = Release|x64
		{E017D2FB-2B0A-373A-A55F-F0F2242870F7}.Release|x64.Build.0 = Release|x64
		{E017D2FB-2B0A-373A-A55F-F0F2242870F7}.MinSizeRel|x64.ActiveCfg = MinSizeRel|x64
		{E017D2FB-2B0A-373A-A55F-F0F2242870F7}.MinSizeRel|x64.Build.0 = MinSizeRel|x64
		{E017D2FB-2B0A-373A-A55F-F0F2242870F7}.RelWithDebInfo|x64.ActiveCfg = RelWithDebInfo|x64
		{E017D2FB-2B0A-373A-A55F-F0F2242870F7}.RelWithDebInfo|x64.Build.0 = RelWithDebInfo|x64
	EndGlobalSection
	GlobalSection(ExtensibilityGlobals) = postSolution
		SolutionGuid = {4FD17F76-0ABD-3064-B054-190EF258C608}
	EndGlobalSection
	GlobalSection(ExtensibilityAddIns) = postSolution
	EndGlobalSection
EndGlobal
